
Microsoft Visual Studio Solution File, Format Version 12.00
# Visual Studio Version 16
VisualStudioVersion = 16.0.29806.167
MinimumVisualStudioVersion = 10.0.40219.1
Project("{9A19103F-16F7-4668-BE54-9A1E7A4F7556}") = "Lab1_01", "Lab1_01.csproj", "{64AB910B-8C82-4965-BC8A-A275072C9B1E}"
EndProject
Project("{FAE04EC0-301F-11D3-BF4B-00C04F79EFBC}") = "Lab1_02", "..\Lab1_02\Lab1_02.csproj", "{46F706D8-D26F-4A1E-BDBB-2A33B96E1CEE}"
EndProject
Global
	GlobalSection(SolutionConfigurationPlatforms) = preSolution
		Debug|Any CPU = Debug|Any CPU
		Release|Any CPU = Release|Any CPU
	EndGlobalSection
	GlobalSection(ProjectConfigurationPlatforms) = postSolution
		{64AB910B-8C82-4965-BC8A-A275072C9B1E}.Debug|Any CPU.ActiveCfg = Debug|Any CPU
		{64AB910B-8C82-4965-BC8A-A275072C9B1E}.Debug|Any CPU.Build.0 = Debug|Any CPU
		{64AB910B-8C82-4965-BC8A-A275072C9B1E}.Release|Any CPU.ActiveCfg = Release|Any CPU
		{64AB910B-8C82-4965-BC8A-A275072C9B1E}.Release|Any CPU.Build.0 = Release|Any CPU
		{46F706D8-D26F-4A1E-BDBB-2A33B96E1CEE}.Debug|Any CPU.ActiveCfg = Debug|Any CPU
		{46F706D8-D26F-4A1E-BDBB-2A33B96E1CEE}.Debug|Any CPU.Build.0 = Debug|Any CPU
		{46F706D8-D26F-4A1E-BDBB-2A33B96E1CEE}.Release|Any CPU.ActiveCfg = Release|Any CPU
		{46F706D8-D26F-4A1E-BDBB-2A33B96E1CEE}.Release|Any CPU.Build.0 = Release|Any CPU
	EndGlobalSection
	GlobalSection(SolutionProperties) = preSolution
		HideSolutionNode = FALSE
	EndGlobalSection
	GlobalSection(ExtensibilityGlobals) = postSolution
		SolutionGuid = {5F8FB9C0-70EC-43CE-981A-EE982C1EA50E}
	EndGlobalSection
EndGlobal
